// !$*UTF8*$!
{
	archiveVersion = 1;
	classes = {
	};
	objectVersion = 55;
	objects = {

/* Begin PBXBuildFile section */
		7401A3102794267E00ECA917 /* InfoPlist.strings in Resources */ = {isa = PBXBuildFile; fileRef = 7401A3122794267E00ECA917 /* InfoPlist.strings */; };
		7401A31E2797D1E700ECA917 /* SettingView.m in Sources */ = {isa = PBXBuildFile; fileRef = 7401A31D2797D1E600ECA917 /* SettingView.m */; };
		7401A3212798F44C00ECA917 /* WebAPI.m in Sources */ = {isa = PBXBuildFile; fileRef = 7401A3202798F44B00ECA917 /* WebAPI.m */; };
		7401A3242798F57800ECA917 /* SongList.m in Sources */ = {isa = PBXBuildFile; fileRef = 7401A3232798F57800ECA917 /* SongList.m */; };
		7401A3282799681D00ECA917 /* SongListViewController.m in Sources */ = {isa = PBXBuildFile; fileRef = 7401A3272799681D00ECA917 /* SongListViewController.m */; };
		74145BB52792B4C800E7F726 /* GoogleService-Info.plist in Resources */ = {isa = PBXBuildFile; fileRef = 74145BB42792B4C700E7F726 /* GoogleService-Info.plist */; };
		7443D756278D161F002EF802 /* AppDelegate.m in Sources */ = {isa = PBXBuildFile; fileRef = 7443D755278D161F002EF802 /* AppDelegate.m */; };
		7443D759278D161F002EF802 /* SceneDelegate.m in Sources */ = {isa = PBXBuildFile; fileRef = 7443D758278D161F002EF802 /* SceneDelegate.m */; };
		7443D75C278D161F002EF802 /* ViewController.m in Sources */ = {isa = PBXBuildFile; fileRef = 7443D75B278D161F002EF802 /* ViewController.m */; };
		7443D75F278D161F002EF802 /* Main.storyboard in Resources */ = {isa = PBXBuildFile; fileRef = 7443D75D278D161F002EF802 /* Main.storyboard */; };
		7443D761278D1620002EF802 /* Assets.xcassets in Resources */ = {isa = PBXBuildFile; fileRef = 7443D760278D1620002EF802 /* Assets.xcassets */; };
		7443D764278D1620002EF802 /* LaunchScreen.storyboard in Resources */ = {isa = PBXBuildFile; fileRef = 7443D762278D1620002EF802 /* LaunchScreen.storyboard */; };
		7443D767278D1620002EF802 /* main.m in Sources */ = {isa = PBXBuildFile; fileRef = 7443D766278D1620002EF802 /* main.m */; };
		7443D770278D177C002EF802 /* SongListView.m in Sources */ = {isa = PBXBuildFile; fileRef = 7443D76F278D177C002EF802 /* SongListView.m */; };
		7443D774278D1846002EF802 /* Song.m in Sources */ = {isa = PBXBuildFile; fileRef = 7443D773278D1846002EF802 /* Song.m */; };
		7443D777278D1855002EF802 /* Album.m in Sources */ = {isa = PBXBuildFile; fileRef = 7443D776278D1855002EF802 /* Album.m */; };
		7443D77A278D50AC002EF802 /* SongCell.m in Sources */ = {isa = PBXBuildFile; fileRef = 7443D779278D50AC002EF802 /* SongCell.m */; };
		7443D77D278D5F88002EF802 /* FooterButton.m in Sources */ = {isa = PBXBuildFile; fileRef = 7443D77C278D5F88002EF802 /* FooterButton.m */; };
		7443D780278D5F9B002EF802 /* FooterView.m in Sources */ = {isa = PBXBuildFile; fileRef = 7443D77F278D5F9B002EF802 /* FooterView.m */; };
		7443D783278D5FDA002EF802 /* AlbumPagerView.m in Sources */ = {isa = PBXBuildFile; fileRef = 7443D782278D5FDA002EF802 /* AlbumPagerView.m */; };
		7443D786278D6002002EF802 /* RetroView.m in Sources */ = {isa = PBXBuildFile; fileRef = 7443D785278D6002002EF802 /* RetroView.m */; };
		7443D78B278D6C50002EF802 /* Localizable.strings in Resources */ = {isa = PBXBuildFile; fileRef = 7443D78D278D6C50002EF802 /* Localizable.strings */; };
		7443D795278D828A002EF802 /* SeekBarView.m in Sources */ = {isa = PBXBuildFile; fileRef = 7443D794278D828A002EF802 /* SeekBarView.m */; };
		7443D79B278ED62B002EF802 /* PushableView.m in Sources */ = {isa = PBXBuildFile; fileRef = 7443D79A278ED62B002EF802 /* PushableView.m */; };
		7443D79F278EE0B4002EF802 /* ToggleView.m in Sources */ = {isa = PBXBuildFile; fileRef = 7443D79E278EE0B4002EF802 /* ToggleView.m */; };
		7443D7A2278F97C2002EF802 /* SliderView.m in Sources */ = {isa = PBXBuildFile; fileRef = 7443D7A1278F97C2002EF802 /* SliderView.m */; };
		7443D7A7278FB2C8002EF802 /* MusicManager.m in Sources */ = {isa = PBXBuildFile; fileRef = 7443D7A6278FB2C8002EF802 /* MusicManager.m */; };
		7443D7AB278FB6A3002EF802 /* assets in Resources */ = {isa = PBXBuildFile; fileRef = 7443D7AA278FB6A3002EF802 /* assets */; };
		7443D7B1278FC2A4002EF802 /* AlbumTabView.m in Sources */ = {isa = PBXBuildFile; fileRef = 7443D7B0278FC2A4002EF802 /* AlbumTabView.m */; };
		7443D7C5279063CC002EF802 /* vgsmml.c in Sources */ = {isa = PBXBuildFile; fileRef = 7443D7C2279063CC002EF802 /* vgsmml.c */; };
		7443D7C6279063CC002EF802 /* vgsdec.c in Sources */ = {isa = PBXBuildFile; fileRef = 7443D7C3279063CC002EF802 /* vgsdec.c */; };
		7443D7C7279063CC002EF802 /* vgs2tone.c in Sources */ = {isa = PBXBuildFile; fileRef = 7443D7C4279063CC002EF802 /* vgs2tone.c */; };
		7443D7CD279069A7002EF802 /* vgsplay-ios.cpp in Sources */ = {isa = PBXBuildFile; fileRef = 7443D7CA279069A7002EF802 /* vgsplay-ios.cpp */; };
		7443D7D227910441002EF802 /* AudioToolbox.framework in Frameworks */ = {isa = PBXBuildFile; fileRef = 7443D7D127910441002EF802 /* AudioToolbox.framework */; };
		7443D7D52791A91D002EF802 /* ProgressView.m in Sources */ = {isa = PBXBuildFile; fileRef = 7443D7D42791A91D002EF802 /* ProgressView.m */; };
		7443D7DA27926C6D002EF802 /* vgeapi.c in Sources */ = {isa = PBXBuildFile; fileRef = 7443D7D727926C6D002EF802 /* vgeapi.c */; };
		7443D7DB27926C6D002EF802 /* game.c in Sources */ = {isa = PBXBuildFile; fileRef = 7443D7D927926C6D002EF802 /* game.c */; };
		7443D7DE27926DA1002EF802 /* RetroLayer.m in Sources */ = {isa = PBXBuildFile; fileRef = 7443D7DD27926DA1002EF802 /* RetroLayer.m */; };
		764C3B1D55EDFF58F1966712 /* Pods_TOHOVGS.framework in Frameworks */ = {isa = PBXBuildFile; fileRef = F716217E36F9D7048F9D3D80 /* Pods_TOHOVGS.framework */; };
/* End PBXBuildFile section */

/* Begin PBXFileReference section */
		1727FD9EE99682870A0AEE2E /* Pods-TOHOVGS.debug.xcconfig */ = {isa = PBXFileReference; includeInIndex = 1; lastKnownFileType = text.xcconfig; name = "Pods-TOHOVGS.debug.xcconfig"; path = "Target Support Files/Pods-TOHOVGS/Pods-TOHOVGS.debug.xcconfig"; sourceTree = "<group>"; };
		1FF733F7CDA1A0A8CD323390 /* Pods-TOHOVGS.release.xcconfig */ = {isa = PBXFileReference; includeInIndex = 1; lastKnownFileType = text.xcconfig; name = "Pods-TOHOVGS.release.xcconfig"; path = "Target Support Files/Pods-TOHOVGS/Pods-TOHOVGS.release.xcconfig"; sourceTree = "<group>"; };
		7401A3112794267E00ECA917 /* ja */ = {isa = PBXFileReference; lastKnownFileType = text.plist.strings; name = ja; path = ja.lproj/InfoPlist.strings; sourceTree = "<group>"; };
		7401A3132794268600ECA917 /* en */ = {isa = PBXFileReference; lastKnownFileType = text.plist.strings; name = en; path = en.lproj/InfoPlist.strings; sourceTree = "<group>"; };
		7401A31A27942B0200ECA917 /* Base */ = {isa = PBXFileReference; lastKnownFileType = file.storyboard; name = Base; path = Base.lproj/Main.storyboard; sourceTree = "<group>"; };
		7401A31B27942B0200ECA917 /* Base */ = {isa = PBXFileReference; lastKnownFileType = file.storyboard; name = Base; path = Base.lproj/LaunchScreen.storyboard; sourceTree = "<group>"; };
		7401A31C2797D1E600ECA917 /* SettingView.h */ = {isa = PBXFileReference; lastKnownFileType = sourcecode.c.h; path = SettingView.h; sourceTree = "<group>"; };
		7401A31D2797D1E600ECA917 /* SettingView.m */ = {isa = PBXFileReference; lastKnownFileType = sourcecode.c.objc; path = SettingView.m; sourceTree = "<group>"; };
		7401A31F2798F44B00ECA917 /* WebAPI.h */ = {isa = PBXFileReference; lastKnownFileType = sourcecode.c.h; path = WebAPI.h; sourceTree = "<group>"; };
		7401A3202798F44B00ECA917 /* WebAPI.m */ = {isa = PBXFileReference; lastKnownFileType = sourcecode.c.objc; path = WebAPI.m; sourceTree = "<group>"; };
		7401A3222798F57800ECA917 /* SongList.h */ = {isa = PBXFileReference; lastKnownFileType = sourcecode.c.h; path = SongList.h; sourceTree = "<group>"; };
		7401A3232798F57800ECA917 /* SongList.m */ = {isa = PBXFileReference; lastKnownFileType = sourcecode.c.objc; path = SongList.m; sourceTree = "<group>"; };
		7401A32527991FF900ECA917 /* ServerSettings.h */ = {isa = PBXFileReference; lastKnownFileType = sourcecode.c.h; path = ServerSettings.h; sourceTree = "<group>"; };
		7401A3262799681D00ECA917 /* SongListViewController.h */ = {isa = PBXFileReference; lastKnownFileType = sourcecode.c.h; path = SongListViewController.h; sourceTree = "<group>"; };
		7401A3272799681D00ECA917 /* SongListViewController.m */ = {isa = PBXFileReference; lastKnownFileType = sourcecode.c.objc; path = SongListViewController.m; sourceTree = "<group>"; };
		74145BB42792B4C700E7F726 /* GoogleService-Info.plist */ = {isa = PBXFileReference; fileEncoding = 4; lastKnownFileType = text.plist.xml; path = "GoogleService-Info.plist"; sourceTree = "<group>"; };
		7425DB332792BD330070B660 /* AdSettings.h */ = {isa = PBXFileReference; fileEncoding = 4; lastKnownFileType = sourcecode.c.h; path = AdSettings.h; sourceTree = "<group>"; };
		7443D751278D161F002EF802 /* TOHOVGS.app */ = {isa = PBXFileReference; explicitFileType = wrapper.application; includeInIndex = 0; path = TOHOVGS.app; sourceTree = BUILT_PRODUCTS_DIR; };
		7443D754278D161F002EF802 /* AppDelegate.h */ = {isa = PBXFileReference; lastKnownFileType = sourcecode.c.h; path = AppDelegate.h; sourceTree = "<group>"; };
		7443D755278D161F002EF802 /* AppDelegate.m */ = {isa = PBXFileReference; lastKnownFileType = sourcecode.c.objc; path = AppDelegate.m; sourceTree = "<group>"; };
		7443D757278D161F002EF802 /* SceneDelegate.h */ = {isa = PBXFileReference; lastKnownFileType = sourcecode.c.h; path = SceneDelegate.h; sourceTree = "<group>"; };
		7443D758278D161F002EF802 /* SceneDelegate.m */ = {isa = PBXFileReference; lastKnownFileType = sourcecode.c.objc; path = SceneDelegate.m; sourceTree = "<group>"; };
		7443D75A278D161F002EF802 /* ViewController.h */ = {isa = PBXFileReference; lastKnownFileType = sourcecode.c.h; path = ViewController.h; sourceTree = "<group>"; };
		7443D75B278D161F002EF802 /* ViewController.m */ = {isa = PBXFileReference; lastKnownFileType = sourcecode.c.objc; path = ViewController.m; sourceTree = "<group>"; };
		7443D760278D1620002EF802 /* Assets.xcassets */ = {isa = PBXFileReference; lastKnownFileType = folder.assetcatalog; path = Assets.xcassets; sourceTree = "<group>"; };
		7443D765278D1620002EF802 /* Info.plist */ = {isa = PBXFileReference; lastKnownFileType = text.plist.xml; path = Info.plist; sourceTree = "<group>"; };
		7443D766278D1620002EF802 /* main.m */ = {isa = PBXFileReference; lastKnownFileType = sourcecode.c.objc; path = main.m; sourceTree = "<group>"; };
		7443D76E278D177C002EF802 /* SongListView.h */ = {isa = PBXFileReference; lastKnownFileType = sourcecode.c.h; path = SongListView.h; sourceTree = "<group>"; };
		7443D76F278D177C002EF802 /* SongListView.m */ = {isa = PBXFileReference; lastKnownFileType = sourcecode.c.objc; path = SongListView.m; sourceTree = "<group>"; };
		7443D772278D1846002EF802 /* Song.h */ = {isa = PBXFileReference; lastKnownFileType = sourcecode.c.h; path = Song.h; sourceTree = "<group>"; };
		7443D773278D1846002EF802 /* Song.m */ = {isa = PBXFileReference; lastKnownFileType = sourcecode.c.objc; path = Song.m; sourceTree = "<group>"; };
		7443D775278D1855002EF802 /* Album.h */ = {isa = PBXFileReference; lastKnownFileType = sourcecode.c.h; path = Album.h; sourceTree = "<group>"; };
		7443D776278D1855002EF802 /* Album.m */ = {isa = PBXFileReference; lastKnownFileType = sourcecode.c.objc; path = Album.m; sourceTree = "<group>"; };
		7443D778278D50AC002EF802 /* SongCell.h */ = {isa = PBXFileReference; lastKnownFileType = sourcecode.c.h; path = SongCell.h; sourceTree = "<group>"; };
		7443D779278D50AC002EF802 /* SongCell.m */ = {isa = PBXFileReference; lastKnownFileType = sourcecode.c.objc; path = SongCell.m; sourceTree = "<group>"; };
		7443D77B278D5F88002EF802 /* FooterButton.h */ = {isa = PBXFileReference; lastKnownFileType = sourcecode.c.h; path = FooterButton.h; sourceTree = "<group>"; };
		7443D77C278D5F88002EF802 /* FooterButton.m */ = {isa = PBXFileReference; lastKnownFileType = sourcecode.c.objc; path = FooterButton.m; sourceTree = "<group>"; };
		7443D77E278D5F9B002EF802 /* FooterView.h */ = {isa = PBXFileReference; lastKnownFileType = sourcecode.c.h; path = FooterView.h; sourceTree = "<group>"; };
		7443D77F278D5F9B002EF802 /* FooterView.m */ = {isa = PBXFileReference; lastKnownFileType = sourcecode.c.objc; path = FooterView.m; sourceTree = "<group>"; };
		7443D781278D5FDA002EF802 /* AlbumPagerView.h */ = {isa = PBXFileReference; lastKnownFileType = sourcecode.c.h; path = AlbumPagerView.h; sourceTree = "<group>"; };
		7443D782278D5FDA002EF802 /* AlbumPagerView.m */ = {isa = PBXFileReference; lastKnownFileType = sourcecode.c.objc; path = AlbumPagerView.m; sourceTree = "<group>"; };
		7443D784278D6002002EF802 /* RetroView.h */ = {isa = PBXFileReference; lastKnownFileType = sourcecode.c.h; path = RetroView.h; sourceTree = "<group>"; };
		7443D785278D6002002EF802 /* RetroView.m */ = {isa = PBXFileReference; lastKnownFileType = sourcecode.c.objc; path = RetroView.m; sourceTree = "<group>"; };
		7443D78C278D6C50002EF802 /* en */ = {isa = PBXFileReference; lastKnownFileType = text.plist.strings; name = en; path = en.lproj/Localizable.strings; sourceTree = "<group>"; };
		7443D78E278D6D2A002EF802 /* ja */ = {isa = PBXFileReference; lastKnownFileType = text.plist.strings; name = ja; path = ja.lproj/Localizable.strings; sourceTree = "<group>"; };
		7443D793278D828A002EF802 /* SeekBarView.h */ = {isa = PBXFileReference; lastKnownFileType = sourcecode.c.h; path = SeekBarView.h; sourceTree = "<group>"; };
		7443D794278D828A002EF802 /* SeekBarView.m */ = {isa = PBXFileReference; lastKnownFileType = sourcecode.c.objc; path = SeekBarView.m; sourceTree = "<group>"; };
		7443D799278ED62B002EF802 /* PushableView.h */ = {isa = PBXFileReference; lastKnownFileType = sourcecode.c.h; path = PushableView.h; sourceTree = "<group>"; };
		7443D79A278ED62B002EF802 /* PushableView.m */ = {isa = PBXFileReference; lastKnownFileType = sourcecode.c.objc; path = PushableView.m; sourceTree = "<group>"; };
		7443D79D278EE0B4002EF802 /* ToggleView.h */ = {isa = PBXFileReference; lastKnownFileType = sourcecode.c.h; path = ToggleView.h; sourceTree = "<group>"; };
		7443D79E278EE0B4002EF802 /* ToggleView.m */ = {isa = PBXFileReference; lastKnownFileType = sourcecode.c.objc; path = ToggleView.m; sourceTree = "<group>"; };
		7443D7A0278F97C2002EF802 /* SliderView.h */ = {isa = PBXFileReference; lastKnownFileType = sourcecode.c.h; path = SliderView.h; sourceTree = "<group>"; };
		7443D7A1278F97C2002EF802 /* SliderView.m */ = {isa = PBXFileReference; lastKnownFileType = sourcecode.c.objc; path = SliderView.m; sourceTree = "<group>"; };
		7443D7A5278FB2C8002EF802 /* MusicManager.h */ = {isa = PBXFileReference; lastKnownFileType = sourcecode.c.h; path = MusicManager.h; sourceTree = "<group>"; };
		7443D7A6278FB2C8002EF802 /* MusicManager.m */ = {isa = PBXFileReference; lastKnownFileType = sourcecode.c.objc; path = MusicManager.m; sourceTree = "<group>"; };
		7443D7AA278FB6A3002EF802 /* assets */ = {isa = PBXFileReference; lastKnownFileType = folder; path = assets; sourceTree = "<group>"; };
		7443D7AC278FC0E5002EF802 /* ControlDelegate.h */ = {isa = PBXFileReference; lastKnownFileType = sourcecode.c.h; path = ControlDelegate.h; sourceTree = "<group>"; };
		7443D7AF278FC2A4002EF802 /* AlbumTabView.h */ = {isa = PBXFileReference; lastKnownFileType = sourcecode.c.h; path = AlbumTabView.h; sourceTree = "<group>"; };
		7443D7B0278FC2A4002EF802 /* AlbumTabView.m */ = {isa = PBXFileReference; lastKnownFileType = sourcecode.c.objc; path = AlbumTabView.m; sourceTree = "<group>"; };
		7443D7BE279063CC002EF802 /* vgsmml.h */ = {isa = PBXFileReference; fileEncoding = 4; lastKnownFileType = sourcecode.c.h; path = vgsmml.h; sourceTree = "<group>"; };
		7443D7BF279063CC002EF802 /* vgsdec.h */ = {isa = PBXFileReference; fileEncoding = 4; lastKnownFileType = sourcecode.c.h; path = vgsdec.h; sourceTree = "<group>"; };
		7443D7C0279063CC002EF802 /* vgsdec_internal.h */ = {isa = PBXFileReference; fileEncoding = 4; lastKnownFileType = sourcecode.c.h; path = vgsdec_internal.h; sourceTree = "<group>"; };
		7443D7C1279063CC002EF802 /* vgstone.h */ = {isa = PBXFileReference; fileEncoding = 4; lastKnownFileType = sourcecode.c.h; path = vgstone.h; sourceTree = "<group>"; };
		7443D7C2279063CC002EF802 /* vgsmml.c */ = {isa = PBXFileReference; fileEncoding = 4; lastKnownFileType = sourcecode.c.c; path = vgsmml.c; sourceTree = "<group>"; };
		7443D7C3279063CC002EF802 /* vgsdec.c */ = {isa = PBXFileReference; fileEncoding = 4; lastKnownFileType = sourcecode.c.c; path = vgsdec.c; sourceTree = "<group>"; };
		7443D7C4279063CC002EF802 /* vgs2tone.c */ = {isa = PBXFileReference; fileEncoding = 4; lastKnownFileType = sourcecode.c.c; path = vgs2tone.c; sourceTree = "<group>"; };
		7443D7C9279069A7002EF802 /* vgsplay-ios.h */ = {isa = PBXFileReference; fileEncoding = 4; lastKnownFileType = sourcecode.c.h; path = "vgsplay-ios.h"; sourceTree = "<group>"; };
		7443D7CA279069A7002EF802 /* vgsplay-ios.cpp */ = {isa = PBXFileReference; fileEncoding = 4; lastKnownFileType = sourcecode.cpp.cpp; path = "vgsplay-ios.cpp"; sourceTree = "<group>"; };
		7443D7CF27910426002EF802 /* CoreAudio.framework */ = {isa = PBXFileReference; lastKnownFileType = wrapper.framework; name = CoreAudio.framework; path = System/Library/Frameworks/CoreAudio.framework; sourceTree = SDKROOT; };
		7443D7D127910441002EF802 /* AudioToolbox.framework */ = {isa = PBXFileReference; lastKnownFileType = wrapper.framework; name = AudioToolbox.framework; path = System/Library/Frameworks/AudioToolbox.framework; sourceTree = SDKROOT; };
		7443D7D32791A91D002EF802 /* ProgressView.h */ = {isa = PBXFileReference; lastKnownFileType = sourcecode.c.h; path = ProgressView.h; sourceTree = "<group>"; };
		7443D7D42791A91D002EF802 /* ProgressView.m */ = {isa = PBXFileReference; lastKnownFileType = sourcecode.c.objc; path = ProgressView.m; sourceTree = "<group>"; };
		7443D7D727926C6D002EF802 /* vgeapi.c */ = {isa = PBXFileReference; fileEncoding = 4; lastKnownFileType = sourcecode.c.c; path = vgeapi.c; sourceTree = "<group>"; };
		7443D7D827926C6D002EF802 /* vge.h */ = {isa = PBXFileReference; fileEncoding = 4; lastKnownFileType = sourcecode.c.h; path = vge.h; sourceTree = "<group>"; };
		7443D7D927926C6D002EF802 /* game.c */ = {isa = PBXFileReference; fileEncoding = 4; lastKnownFileType = sourcecode.c.c; path = game.c; sourceTree = "<group>"; };
		7443D7DC27926DA1002EF802 /* RetroLayer.h */ = {isa = PBXFileReference; lastKnownFileType = sourcecode.c.h; path = RetroLayer.h; sourceTree = "<group>"; };
		7443D7DD27926DA1002EF802 /* RetroLayer.m */ = {isa = PBXFileReference; lastKnownFileType = sourcecode.c.objc; path = RetroLayer.m; sourceTree = "<group>"; };
		F716217E36F9D7048F9D3D80 /* Pods_TOHOVGS.framework */ = {isa = PBXFileReference; explicitFileType = wrapper.framework; includeInIndex = 0; path = Pods_TOHOVGS.framework; sourceTree = BUILT_PRODUCTS_DIR; };
/* End PBXFileReference section */

/* Begin PBXFrameworksBuildPhase section */
		7443D74E278D161F002EF802 /* Frameworks */ = {
			isa = PBXFrameworksBuildPhase;
			buildActionMask = 2147483647;
			files = (
				7443D7D227910441002EF802 /* AudioToolbox.framework in Frameworks */,
				764C3B1D55EDFF58F1966712 /* Pods_TOHOVGS.framework in Frameworks */,
			);
			runOnlyForDeploymentPostprocessing = 0;
		};
/* End PBXFrameworksBuildPhase section */

/* Begin PBXGroup section */
		60534149DDB2EB5D994AD21C /* Pods */ = {
			isa = PBXGroup;
			children = (
				1727FD9EE99682870A0AEE2E /* Pods-TOHOVGS.debug.xcconfig */,
				1FF733F7CDA1A0A8CD323390 /* Pods-TOHOVGS.release.xcconfig */,
			);
			path = Pods;
			sourceTree = "<group>";
		};
		7443D748278D161F002EF802 = {
			isa = PBXGroup;
			children = (
				7443D753278D161F002EF802 /* TOHOVGS */,
				7443D752278D161F002EF802 /* Products */,
				7443D7CE27910425002EF802 /* Frameworks */,
				60534149DDB2EB5D994AD21C /* Pods */,
			);
			sourceTree = "<group>";
		};
		7443D752278D161F002EF802 /* Products */ = {
			isa = PBXGroup;
			children = (
				7443D751278D161F002EF802 /* TOHOVGS.app */,
			);
			name = Products;
			sourceTree = "<group>";
		};
		7443D753278D161F002EF802 /* TOHOVGS */ = {
			isa = PBXGroup;
			children = (
				7443D78D278D6C50002EF802 /* Localizable.strings */,
				7443D7AA278FB6A3002EF802 /* assets */,
				7443D7B327906380002EF802 /* vgs */,
				7443D7A3278FB2A6002EF802 /* api */,
				7443D771278D1830002EF802 /* model */,
				7443D76D278D1754002EF802 /* view */,
				7425DB332792BD330070B660 /* AdSettings.h */,
				7401A32527991FF900ECA917 /* ServerSettings.h */,
				7443D754278D161F002EF802 /* AppDelegate.h */,
				7443D755278D161F002EF802 /* AppDelegate.m */,
				7443D757278D161F002EF802 /* SceneDelegate.h */,
				7443D758278D161F002EF802 /* SceneDelegate.m */,
				7443D7AC278FC0E5002EF802 /* ControlDelegate.h */,
				7443D75A278D161F002EF802 /* ViewController.h */,
				7443D75B278D161F002EF802 /* ViewController.m */,
				7401A3262799681D00ECA917 /* SongListViewController.h */,
				7401A3272799681D00ECA917 /* SongListViewController.m */,
				7443D75D278D161F002EF802 /* Main.storyboard */,
				7443D760278D1620002EF802 /* Assets.xcassets */,
				7443D762278D1620002EF802 /* LaunchScreen.storyboard */,
				74145BB42792B4C700E7F726 /* GoogleService-Info.plist */,
				7443D766278D1620002EF802 /* main.m */,
				7443D765278D1620002EF802 /* Info.plist */,
				7401A3122794267E00ECA917 /* InfoPlist.strings */,
			);
			path = TOHOVGS;
			sourceTree = "<group>";
		};
		7443D76D278D1754002EF802 /* view */ = {
			isa = PBXGroup;
			children = (
				7443D781278D5FDA002EF802 /* AlbumPagerView.h */,
				7443D782278D5FDA002EF802 /* AlbumPagerView.m */,
				7443D7AF278FC2A4002EF802 /* AlbumTabView.h */,
				7443D7B0278FC2A4002EF802 /* AlbumTabView.m */,
				7443D76E278D177C002EF802 /* SongListView.h */,
				7443D76F278D177C002EF802 /* SongListView.m */,
				7443D778278D50AC002EF802 /* SongCell.h */,
				7443D779278D50AC002EF802 /* SongCell.m */,
				7443D784278D6002002EF802 /* RetroView.h */,
				7443D785278D6002002EF802 /* RetroView.m */,
				7443D7DC27926DA1002EF802 /* RetroLayer.h */,
				7443D7DD27926DA1002EF802 /* RetroLayer.m */,
				7443D77B278D5F88002EF802 /* FooterButton.h */,
				7443D77C278D5F88002EF802 /* FooterButton.m */,
				7443D77E278D5F9B002EF802 /* FooterView.h */,
				7443D77F278D5F9B002EF802 /* FooterView.m */,
				7443D793278D828A002EF802 /* SeekBarView.h */,
				7443D794278D828A002EF802 /* SeekBarView.m */,
				7443D799278ED62B002EF802 /* PushableView.h */,
				7443D79A278ED62B002EF802 /* PushableView.m */,
				7443D79D278EE0B4002EF802 /* ToggleView.h */,
				7443D79E278EE0B4002EF802 /* ToggleView.m */,
				7443D7A0278F97C2002EF802 /* SliderView.h */,
				7443D7A1278F97C2002EF802 /* SliderView.m */,
				7443D7D32791A91D002EF802 /* ProgressView.h */,
				7443D7D42791A91D002EF802 /* ProgressView.m */,
				7401A31C2797D1E600ECA917 /* SettingView.h */,
				7401A31D2797D1E600ECA917 /* SettingView.m */,
			);
			path = view;
			sourceTree = "<group>";
		};
		7443D771278D1830002EF802 /* model */ = {
			isa = PBXGroup;
			children = (
				7401A3222798F57800ECA917 /* SongList.h */,
				7401A3232798F57800ECA917 /* SongList.m */,
				7443D775278D1855002EF802 /* Album.h */,
				7443D776278D1855002EF802 /* Album.m */,
				7443D772278D1846002EF802 /* Song.h */,
				7443D773278D1846002EF802 /* Song.m */,
			);
			path = model;
			sourceTree = "<group>";
		};
		7443D7A3278FB2A6002EF802 /* api */ = {
			isa = PBXGroup;
			children = (
				7443D7A5278FB2C8002EF802 /* MusicManager.h */,
				7443D7A6278FB2C8002EF802 /* MusicManager.m */,
				7401A31F2798F44B00ECA917 /* WebAPI.h */,
				7401A3202798F44B00ECA917 /* WebAPI.m */,
			);
			path = api;
			sourceTree = "<group>";
		};
		7443D7B327906380002EF802 /* vgs */ = {
			isa = PBXGroup;
			children = (
				7443D7D627926C5F002EF802 /* compat */,
				7443D7CA279069A7002EF802 /* vgsplay-ios.cpp */,
				7443D7C9279069A7002EF802 /* vgsplay-ios.h */,
				7443D7C4279063CC002EF802 /* vgs2tone.c */,
				7443D7C0279063CC002EF802 /* vgsdec_internal.h */,
				7443D7C3279063CC002EF802 /* vgsdec.c */,
				7443D7BF279063CC002EF802 /* vgsdec.h */,
				7443D7C2279063CC002EF802 /* vgsmml.c */,
				7443D7BE279063CC002EF802 /* vgsmml.h */,
				7443D7C1279063CC002EF802 /* vgstone.h */,
			);
			path = vgs;
			sourceTree = "<group>";
		};
		7443D7CE27910425002EF802 /* Frameworks */ = {
			isa = PBXGroup;
			children = (
				7443D7D127910441002EF802 /* AudioToolbox.framework */,
				7443D7CF27910426002EF802 /* CoreAudio.framework */,
				F716217E36F9D7048F9D3D80 /* Pods_TOHOVGS.framework */,
			);
			name = Frameworks;
			sourceTree = "<group>";
		};
		7443D7D627926C5F002EF802 /* compat */ = {
			isa = PBXGroup;
			children = (
				7443D7D927926C6D002EF802 /* game.c */,
				7443D7D827926C6D002EF802 /* vge.h */,
				7443D7D727926C6D002EF802 /* vgeapi.c */,
			);
			path = compat;
			sourceTree = "<group>";
		};
/* End PBXGroup section */

/* Begin PBXNativeTarget section */
		7443D750278D161F002EF802 /* TOHOVGS */ = {
			isa = PBXNativeTarget;
			buildConfigurationList = 7443D76A278D1620002EF802 /* Build configuration list for PBXNativeTarget "TOHOVGS" */;
			buildPhases = (
				47001C9A6412618D09BE7936 /* [CP] Check Pods Manifest.lock */,
				7443D74D278D161F002EF802 /* Sources */,
				7443D74E278D161F002EF802 /* Frameworks */,
				7443D74F278D161F002EF802 /* Resources */,
				5688797584E394D88046D02D /* [CP] Embed Pods Frameworks */,
			);
			buildRules = (
			);
			dependencies = (
			);
			name = TOHOVGS;
			productName = TOHOVGS;
			productReference = 7443D751278D161F002EF802 /* TOHOVGS.app */;
			productType = "com.apple.product-type.application";
		};
/* End PBXNativeTarget section */

/* Begin PBXProject section */
		7443D749278D161F002EF802 /* Project object */ = {
			isa = PBXProject;
			attributes = {
				BuildIndependentTargetsInParallel = 1;
				LastUpgradeCheck = 1320;
				TargetAttributes = {
					7443D750278D161F002EF802 = {
						CreatedOnToolsVersion = 13.2.1;
					};
				};
			};
			buildConfigurationList = 7443D74C278D161F002EF802 /* Build configuration list for PBXProject "TOHOVGS" */;
			compatibilityVersion = "Xcode 13.0";
			developmentRegion = en;
			hasScannedForEncodings = 0;
			knownRegions = (
				en,
				ja,
				Base,
			);
			mainGroup = 7443D748278D161F002EF802;
			productRefGroup = 7443D752278D161F002EF802 /* Products */;
			projectDirPath = "";
			projectRoot = "";
			targets = (
				7443D750278D161F002EF802 /* TOHOVGS */,
			);
		};
/* End PBXProject section */

/* Begin PBXResourcesBuildPhase section */
		7443D74F278D161F002EF802 /* Resources */ = {
			isa = PBXResourcesBuildPhase;
			buildActionMask = 2147483647;
			files = (
				7443D7AB278FB6A3002EF802 /* assets in Resources */,
				7401A3102794267E00ECA917 /* InfoPlist.strings in Resources */,
				7443D764278D1620002EF802 /* LaunchScreen.storyboard in Resources */,
				7443D78B278D6C50002EF802 /* Localizable.strings in Resources */,
				7443D761278D1620002EF802 /* Assets.xcassets in Resources */,
				7443D75F278D161F002EF802 /* Main.storyboard in Resources */,
				74145BB52792B4C800E7F726 /* GoogleService-Info.plist in Resources */,
			);
			runOnlyForDeploymentPostprocessing = 0;
		};
/* End PBXResourcesBuildPhase section */

/* Begin PBXShellScriptBuildPhase section */
		47001C9A6412618D09BE7936 /* [CP] Check Pods Manifest.lock */ = {
			isa = PBXShellScriptBuildPhase;
			buildActionMask = 2147483647;
			files = (
			);
			inputFileListPaths = (
			);
			inputPaths = (
				"${PODS_PODFILE_DIR_PATH}/Podfile.lock",
				"${PODS_ROOT}/Manifest.lock",
			);
			name = "[CP] Check Pods Manifest.lock";
			outputFileListPaths = (
			);
			outputPaths = (
				"$(DERIVED_FILE_DIR)/Pods-TOHOVGS-checkManifestLockResult.txt",
			);
			runOnlyForDeploymentPostprocessing = 0;
			shellPath = /bin/sh;
			shellScript = "diff \"${PODS_PODFILE_DIR_PATH}/Podfile.lock\" \"${PODS_ROOT}/Manifest.lock\" > /dev/null\nif [ $? != 0 ] ; then\n    # print error to STDERR\n    echo \"error: The sandbox is not in sync with the Podfile.lock. Run 'pod install' or update your CocoaPods installation.\" >&2\n    exit 1\nfi\n# This output is used by Xcode 'outputs' to avoid re-running this script phase.\necho \"SUCCESS\" > \"${SCRIPT_OUTPUT_FILE_0}\"\n";
			showEnvVarsInLog = 0;
		};
		5688797584E394D88046D02D /* [CP] Embed Pods Frameworks */ = {
			isa = PBXShellScriptBuildPhase;
			buildActionMask = 2147483647;
			files = (
			);
			inputFileListPaths = (
				"${PODS_ROOT}/Target Support Files/Pods-TOHOVGS/Pods-TOHOVGS-frameworks-${CONFIGURATION}-input-files.xcfilelist",
			);
			name = "[CP] Embed Pods Frameworks";
			outputFileListPaths = (
				"${PODS_ROOT}/Target Support Files/Pods-TOHOVGS/Pods-TOHOVGS-frameworks-${CONFIGURATION}-output-files.xcfilelist",
			);
			runOnlyForDeploymentPostprocessing = 0;
			shellPath = /bin/sh;
			shellScript = "\"${PODS_ROOT}/Target Support Files/Pods-TOHOVGS/Pods-TOHOVGS-frameworks.sh\"\n";
			showEnvVarsInLog = 0;
		};
/* End PBXShellScriptBuildPhase section */

/* Begin PBXSourcesBuildPhase section */
		7443D74D278D161F002EF802 /* Sources */ = {
			isa = PBXSourcesBuildPhase;
			buildActionMask = 2147483647;
			files = (
				7443D7DB27926C6D002EF802 /* game.c in Sources */,
				7443D774278D1846002EF802 /* Song.m in Sources */,
				7443D7C5279063CC002EF802 /* vgsmml.c in Sources */,
				7401A3212798F44C00ECA917 /* WebAPI.m in Sources */,
				7443D786278D6002002EF802 /* RetroView.m in Sources */,
				7401A3242798F57800ECA917 /* SongList.m in Sources */,
				7443D79B278ED62B002EF802 /* PushableView.m in Sources */,
				7443D79F278EE0B4002EF802 /* ToggleView.m in Sources */,
				7443D770278D177C002EF802 /* SongListView.m in Sources */,
				7443D7A2278F97C2002EF802 /* SliderView.m in Sources */,
				7443D7A7278FB2C8002EF802 /* MusicManager.m in Sources */,
				7443D77D278D5F88002EF802 /* FooterButton.m in Sources */,
				7443D783278D5FDA002EF802 /* AlbumPagerView.m in Sources */,
				7443D75C278D161F002EF802 /* ViewController.m in Sources */,
				7443D795278D828A002EF802 /* SeekBarView.m in Sources */,
				7443D756278D161F002EF802 /* AppDelegate.m in Sources */,
				7443D7DE27926DA1002EF802 /* RetroLayer.m in Sources */,
				7443D7C6279063CC002EF802 /* vgsdec.c in Sources */,
				7443D780278D5F9B002EF802 /* FooterView.m in Sources */,
				7443D77A278D50AC002EF802 /* SongCell.m in Sources */,
				7443D7B1278FC2A4002EF802 /* AlbumTabView.m in Sources */,
				7443D767278D1620002EF802 /* main.m in Sources */,
				7443D7C7279063CC002EF802 /* vgs2tone.c in Sources */,
				7401A3282799681D00ECA917 /* SongListViewController.m in Sources */,
				7443D777278D1855002EF802 /* Album.m in Sources */,
				7443D759278D161F002EF802 /* SceneDelegate.m in Sources */,
				7401A31E2797D1E700ECA917 /* SettingView.m in Sources */,
				7443D7DA27926C6D002EF802 /* vgeapi.c in Sources */,
				7443D7CD279069A7002EF802 /* vgsplay-ios.cpp in Sources */,
				7443D7D52791A91D002EF802 /* ProgressView.m in Sources */,
			);
			runOnlyForDeploymentPostprocessing = 0;
		};
/* End PBXSourcesBuildPhase section */

/* Begin PBXVariantGroup section */
		7401A3122794267E00ECA917 /* InfoPlist.strings */ = {
			isa = PBXVariantGroup;
			children = (
				7401A3112794267E00ECA917 /* ja */,
				7401A3132794268600ECA917 /* en */,
			);
			name = InfoPlist.strings;
			sourceTree = "<group>";
		};
		7443D75D278D161F002EF802 /* Main.storyboard */ = {
			isa = PBXVariantGroup;
			children = (
				7401A31A27942B0200ECA917 /* Base */,
			);
			name = Main.storyboard;
			sourceTree = "<group>";
		};
		7443D762278D1620002EF802 /* LaunchScreen.storyboard */ = {
			isa = PBXVariantGroup;
			children = (
				7401A31B27942B0200ECA917 /* Base */,
			);
			name = LaunchScreen.storyboard;
			sourceTree = "<group>";
		};
		7443D78D278D6C50002EF802 /* Localizable.strings */ = {
			isa = PBXVariantGroup;
			children = (
				7443D78C278D6C50002EF802 /* en */,
				7443D78E278D6D2A002EF802 /* ja */,
			);
			name = Localizable.strings;
			sourceTree = "<group>";
		};
/* End PBXVariantGroup section */

/* Begin XCBuildConfiguration section */
		7443D768278D1620002EF802 /* Debug */ = {
			isa = XCBuildConfiguration;
			buildSettings = {
				ALWAYS_SEARCH_USER_PATHS = NO;
				CLANG_ANALYZER_LOCALIZABILITY_NONLOCALIZED = YES;
				CLANG_ANALYZER_NONNULL = YES;
				CLANG_ANALYZER_NUMBER_OBJECT_CONVERSION = YES_AGGRESSIVE;
				CLANG_CXX_LANGUAGE_STANDARD = "gnu++17";
				CLANG_CXX_LIBRARY = "libc++";
				CLANG_ENABLE_MODULES = YES;
				CLANG_ENABLE_OBJC_ARC = YES;
				CLANG_ENABLE_OBJC_WEAK = YES;
				CLANG_WARN_BLOCK_CAPTURE_AUTORELEASING = YES;
				CLANG_WARN_BOOL_CONVERSION = YES;
				CLANG_WARN_COMMA = YES;
				CLANG_WARN_CONSTANT_CONVERSION = YES;
				CLANG_WARN_DEPRECATED_OBJC_IMPLEMENTATIONS = YES;
				CLANG_WARN_DIRECT_OBJC_ISA_USAGE = YES_ERROR;
				CLANG_WARN_DOCUMENTATION_COMMENTS = YES;
				CLANG_WARN_EMPTY_BODY = YES;
				CLANG_WARN_ENUM_CONVERSION = YES;
				CLANG_WARN_INFINITE_RECURSION = YES;
				CLANG_WARN_INT_CONVERSION = YES;
				CLANG_WARN_NON_LITERAL_NULL_CONVERSION = YES;
				CLANG_WARN_OBJC_IMPLICIT_RETAIN_SELF = YES;
				CLANG_WARN_OBJC_LITERAL_CONVERSION = YES;
				CLANG_WARN_OBJC_ROOT_CLASS = YES_ERROR;
				CLANG_WARN_QUOTED_INCLUDE_IN_FRAMEWORK_HEADER = YES;
				CLANG_WARN_RANGE_LOOP_ANALYSIS = YES;
				CLANG_WARN_STRICT_PROTOTYPES = YES;
				CLANG_WARN_SUSPICIOUS_MOVE = YES;
				CLANG_WARN_UNGUARDED_AVAILABILITY = YES_AGGRESSIVE;
				CLANG_WARN_UNREACHABLE_CODE = YES;
				CLANG_WARN__DUPLICATE_METHOD_MATCH = YES;
				COPY_PHASE_STRIP = NO;
				DEBUG_INFORMATION_FORMAT = dwarf;
				ENABLE_STRICT_OBJC_MSGSEND = YES;
				ENABLE_TESTABILITY = YES;
				GCC_C_LANGUAGE_STANDARD = gnu11;
				GCC_DYNAMIC_NO_PIC = NO;
				GCC_NO_COMMON_BLOCKS = YES;
				GCC_OPTIMIZATION_LEVEL = 0;
				GCC_PREPROCESSOR_DEFINITIONS = (
					"DEBUG=1",
					"$(inherited)",
				);
				GCC_WARN_64_TO_32_BIT_CONVERSION = YES;
				GCC_WARN_ABOUT_RETURN_TYPE = YES_ERROR;
				GCC_WARN_UNDECLARED_SELECTOR = YES;
				GCC_WARN_UNINITIALIZED_AUTOS = YES_AGGRESSIVE;
				GCC_WARN_UNUSED_FUNCTION = YES;
				GCC_WARN_UNUSED_VARIABLE = YES;
				IPHONEOS_DEPLOYMENT_TARGET = 14.0;
				MTL_ENABLE_DEBUG_INFO = INCLUDE_SOURCE;
				MTL_FAST_MATH = YES;
				ONLY_ACTIVE_ARCH = YES;
				SDKROOT = iphoneos;
			};
			name = Debug;
		};
		7443D769278D1620002EF802 /* Release */ = {
			isa = XCBuildConfiguration;
			buildSettings = {
				ALWAYS_SEARCH_USER_PATHS = NO;
				CLANG_ANALYZER_LOCALIZABILITY_NONLOCALIZED = YES;
				CLANG_ANALYZER_NONNULL = YES;
				CLANG_ANALYZER_NUMBER_OBJECT_CONVERSION = YES_AGGRESSIVE;
				CLANG_CXX_LANGUAGE_STANDARD = "gnu++17";
				CLANG_CXX_LIBRARY = "libc++";
				CLANG_ENABLE_MODULES = YES;
				CLANG_ENABLE_OBJC_ARC = YES;
				CLANG_ENABLE_OBJC_WEAK = YES;
				CLANG_WARN_BLOCK_CAPTURE_AUTORELEASING = YES;
				CLANG_WARN_BOOL_CONVERSION = YES;
				CLANG_WARN_COMMA = YES;
				CLANG_WARN_CONSTANT_CONVERSION = YES;
				CLANG_WARN_DEPRECATED_OBJC_IMPLEMENTATIONS = YES;
				CLANG_WARN_DIRECT_OBJC_ISA_USAGE = YES_ERROR;
				CLANG_WARN_DOCUMENTATION_COMMENTS = YES;
				CLANG_WARN_EMPTY_BODY = YES;
				CLANG_WARN_ENUM_CONVERSION = YES;
				CLANG_WARN_INFINITE_RECURSION = YES;
				CLANG_WARN_INT_CONVERSION = YES;
				CLANG_WARN_NON_LITERAL_NULL_CONVERSION = YES;
				CLANG_WARN_OBJC_IMPLICIT_RETAIN_SELF = YES;
				CLANG_WARN_OBJC_LITERAL_CONVERSION = YES;
				CLANG_WARN_OBJC_ROOT_CLASS = YES_ERROR;
				CLANG_WARN_QUOTED_INCLUDE_IN_FRAMEWORK_HEADER = YES;
				CLANG_WARN_RANGE_LOOP_ANALYSIS = YES;
				CLANG_WARN_STRICT_PROTOTYPES = YES;
				CLANG_WARN_SUSPICIOUS_MOVE = YES;
				CLANG_WARN_UNGUARDED_AVAILABILITY = YES_AGGRESSIVE;
				CLANG_WARN_UNREACHABLE_CODE = YES;
				CLANG_WARN__DUPLICATE_METHOD_MATCH = YES;
				COPY_PHASE_STRIP = NO;
				DEBUG_INFORMATION_FORMAT = "dwarf-with-dsym";
				ENABLE_NS_ASSERTIONS = NO;
				ENABLE_STRICT_OBJC_MSGSEND = YES;
				GCC_C_LANGUAGE_STANDARD = gnu11;
				GCC_NO_COMMON_BLOCKS = YES;
				GCC_WARN_64_TO_32_BIT_CONVERSION = YES;
				GCC_WARN_ABOUT_RETURN_TYPE = YES_ERROR;
				GCC_WARN_UNDECLARED_SELECTOR = YES;
				GCC_WARN_UNINITIALIZED_AUTOS = YES_AGGRESSIVE;
				GCC_WARN_UNUSED_FUNCTION = YES;
				GCC_WARN_UNUSED_VARIABLE = YES;
				IPHONEOS_DEPLOYMENT_TARGET = 14.0;
				MTL_ENABLE_DEBUG_INFO = NO;
				MTL_FAST_MATH = YES;
				SDKROOT = iphoneos;
				VALIDATE_PRODUCT = YES;
			};
			name = Release;
		};
		7443D76B278D1620002EF802 /* Debug */ = {
			isa = XCBuildConfiguration;
			baseConfigurationReference = 1727FD9EE99682870A0AEE2E /* Pods-TOHOVGS.debug.xcconfig */;
			buildSettings = {
				ASSETCATALOG_COMPILER_APPICON_NAME = AppIcon;
				ASSETCATALOG_COMPILER_GLOBAL_ACCENT_COLOR_NAME = AccentColor;
				CODE_SIGN_STYLE = Automatic;
				CURRENT_PROJECT_VERSION = 425;
				DEVELOPMENT_TEAM = J24C22Y22U;
				GENERATE_INFOPLIST_FILE = YES;
				INFOPLIST_FILE = TOHOVGS/Info.plist;
				INFOPLIST_KEY_CFBundleDisplayName = "東方VGS";
				INFOPLIST_KEY_LSApplicationCategoryType = "public.app-category.music";
				INFOPLIST_KEY_NSUserTrackingUsageDescription = "For displaying Ads.";
				INFOPLIST_KEY_UIApplicationSupportsIndirectInputEvents = YES;
				INFOPLIST_KEY_UILaunchStoryboardName = LaunchScreen;
				INFOPLIST_KEY_UIMainStoryboardFile = Main;
				INFOPLIST_KEY_UIRequiresFullScreen = YES;
				INFOPLIST_KEY_UISupportedInterfaceOrientations = "UIInterfaceOrientationPortrait UIInterfaceOrientationPortraitUpsideDown";
				INFOPLIST_KEY_UISupportedInterfaceOrientations_iPad = "UIInterfaceOrientationPortrait UIInterfaceOrientationPortraitUpsideDown UIInterfaceOrientationLandscapeLeft UIInterfaceOrientationLandscapeRight";
				INFOPLIST_KEY_UISupportedInterfaceOrientations_iPhone = "UIInterfaceOrientationPortrait UIInterfaceOrientationLandscapeLeft UIInterfaceOrientationLandscapeRight";
				LD_RUNPATH_SEARCH_PATHS = (
					"$(inherited)",
					"@executable_path/Frameworks",
				);
				MARKETING_VERSION = 4.16;
				PRODUCT_BUNDLE_IDENTIFIER = "com.suzukiplan.Touhou-VGS";
				PRODUCT_NAME = "$(TARGET_NAME)";
				SWIFT_EMIT_LOC_STRINGS = YES;
				TARGETED_DEVICE_FAMILY = 1;
			};
			name = Debug;
		};
		7443D76C278D1620002EF802 /* Release */ = {
			isa = XCBuildConfiguration;
			baseConfigurationReference = 1FF733F7CDA1A0A8CD323390 /* Pods-TOHOVGS.release.xcconfig */;
			buildSettings = {
				ASSETCATALOG_COMPILER_APPICON_NAME = AppIcon;
				ASSETCATALOG_COMPILER_GLOBAL_ACCENT_COLOR_NAME = AccentColor;
				CODE_SIGN_STYLE = Automatic;
				CURRENT_PROJECT_VERSION = 425;
				DEVELOPMENT_TEAM = J24C22Y22U;
				GENERATE_INFOPLIST_FILE = YES;
				INFOPLIST_FILE = TOHOVGS/Info.plist;
				INFOPLIST_KEY_CFBundleDisplayName = "東方VGS";
				INFOPLIST_KEY_LSApplicationCategoryType = "public.app-category.music";
				INFOPLIST_KEY_NSUserTrackingUsageDescription = "For displaying Ads.";
				INFOPLIST_KEY_UIApplicationSupportsIndirectInputEvents = YES;
				INFOPLIST_KEY_UILaunchStoryboardName = LaunchScreen;
				INFOPLIST_KEY_UIMainStoryboardFile = Main;
				INFOPLIST_KEY_UIRequiresFullScreen = YES;
				INFOPLIST_KEY_UISupportedInterfaceOrientations = "UIInterfaceOrientationPortrait UIInterfaceOrientationPortraitUpsideDown";
				INFOPLIST_KEY_UISupportedInterfaceOrientations_iPad = "UIInterfaceOrientationPortrait UIInterfaceOrientationPortraitUpsideDown UIInterfaceOrientationLandscapeLeft UIInterfaceOrientationLandscapeRight";
				INFOPLIST_KEY_UISupportedInterfaceOrientations_iPhone = "UIInterfaceOrientationPortrait UIInterfaceOrientationLandscapeLeft UIInterfaceOrientationLandscapeRight";
				LD_RUNPATH_SEARCH_PATHS = (
					"$(inherited)",
					"@executable_path/Frameworks",
				);
				MARKETING_VERSION = 4.16;
				PRODUCT_BUNDLE_IDENTIFIER = "com.suzukiplan.Touhou-VGS";
				PRODUCT_NAME = "$(TARGET_NAME)";
				SWIFT_EMIT_LOC_STRINGS = YES;
				TARGETED_DEVICE_FAMILY = 1;
			};
			name = Release;
		};
/* End XCBuildConfiguration section */

/* Begin XCConfigurationList section */
		7443D74C278D161F002EF802 /* Build configuration list for PBXProject "TOHOVGS" */ = {
			isa = XCConfigurationList;
			buildConfigurations = (
				7443D768278D1620002EF802 /* Debug */,
				7443D769278D1620002EF802 /* Release */,
			);
			defaultConfigurationIsVisible = 0;
			defaultConfigurationName = Release;
		};
		7443D76A278D1620002EF802 /* Build configuration list for PBXNativeTarget "TOHOVGS" */ = {
			isa = XCConfigurationList;
			buildConfigurations = (
				7443D76B278D1620002EF802 /* Debug */,
				7443D76C278D1620002EF802 /* Release */,
			);
			defaultConfigurationIsVisible = 0;
			defaultConfigurationName = Release;
		};
/* End XCConfigurationList section */
	};
	rootObject = 7443D749278D161F002EF802 /* Project object */;
}
